{
  "version": 4,
  "terraform_version": "1.3.9",
  "serial": 3,
  "lineage": "6dbdd33f-f696-8027-32cc-bc236de9d05c",
  "outputs": {
    "region": {
      "value": "us-east-1",
      "type": "string"
    },
    "s3-bucket-arn": {
      "value": "arn:aws:s3:::cgk-s3-bucket-from-terraform",
      "type": "string"
    },
    "s3-bucket-bucket-id": {
      "value": "cgk-s3-bucket-from-terraform",
      "type": "string"
    },
    "s3-bucket-domain-name": {
      "value": "cgk-s3-bucket-from-terraform.s3.amazonaws.com",
      "type": "string"
    },
    "s3-bucket-region": {
      "value": "us-east-1",
      "type": "string"
    }
  },
  "resources": [
    {
      "module": "module.s3-bucket",
      "mode": "data",
      "type": "aws_caller_identity",
      "name": "current",
      "provider": "provider[\"registry.terraform.io/hashicorp/aws\"]",
      "instances": [
        {
          "schema_version": 0,
          "attributes": {
            "account_id": "433240000570",
            "arn": "arn:aws:iam::433240000570:user/gopikrishhna.chokkalamani",
            "id": "433240000570",
            "user_id": "AIDAWJXY5ZA5KW4LWLYMR"
          },
          "sensitive_attributes": []
        }
      ]
    },
    {
      "module": "module.s3-bucket",
      "mode": "data",
      "type": "aws_canonical_user_id",
      "name": "this",
      "provider": "provider[\"registry.terraform.io/hashicorp/aws\"]",
      "instances": [
        {
          "schema_version": 0,
          "attributes": {
            "display_name": "miruthika86",
            "id": "c249c35516ea58b1b089fb866c042fb19a210254ee22e8a2d32fc5d2b68bc243"
          },
          "sensitive_attributes": []
        }
      ]
    },
    {
      "module": "module.s3-bucket",
      "mode": "managed",
      "type": "aws_s3_bucket",
      "name": "this",
      "provider": "provider[\"registry.terraform.io/hashicorp/aws\"]",
      "instances": [
        {
          "index_key": 0,
          "schema_version": 0,
          "attributes": {
            "acceleration_status": "",
            "acl": null,
            "arn": "arn:aws:s3:::cgk-s3-bucket-from-terraform",
            "bucket": "cgk-s3-bucket-from-terraform",
            "bucket_domain_name": "cgk-s3-bucket-from-terraform.s3.amazonaws.com",
            "bucket_prefix": null,
            "bucket_regional_domain_name": "cgk-s3-bucket-from-terraform.s3.amazonaws.com",
            "cors_rule": [],
            "force_destroy": false,
            "grant": [
              {
                "id": "c249c35516ea58b1b089fb866c042fb19a210254ee22e8a2d32fc5d2b68bc243",
                "permissions": [
                  "FULL_CONTROL"
                ],
                "type": "CanonicalUser",
                "uri": ""
              }
            ],
            "hosted_zone_id": "Z3AQBSTGFYJSTF",
            "id": "cgk-s3-bucket-from-terraform",
            "lifecycle_rule": [],
            "logging": [],
            "object_lock_configuration": [],
            "object_lock_enabled": false,
            "policy": "",
            "region": "us-east-1",
            "replication_configuration": [],
            "request_payer": "BucketOwner",
            "server_side_encryption_configuration": [
              {
                "rule": [
                  {
                    "apply_server_side_encryption_by_default": [
                      {
                        "kms_master_key_id": "",
                        "sse_algorithm": "AES256"
                      }
                    ],
                    "bucket_key_enabled": false
                  }
                ]
              }
            ],
            "tags": null,
            "tags_all": {},
            "timeouts": null,
            "versioning": [
              {
                "enabled": false,
                "mfa_delete": false
              }
            ],
            "website": [],
            "website_domain": null,
            "website_endpoint": null
          },
          "sensitive_attributes": [],
          "private": "eyJlMmJmYjczMC1lY2FhLTExZTYtOGY4OC0zNDM2M2JjN2M0YzAiOnsiY3JlYXRlIjoxMjAwMDAwMDAwMDAwLCJkZWxldGUiOjM2MDAwMDAwMDAwMDAsInJlYWQiOjEyMDAwMDAwMDAwMDAsInVwZGF0ZSI6MTIwMDAwMDAwMDAwMH19"
        }
      ]
    },
    {
      "module": "module.s3-bucket",
      "mode": "managed",
      "type": "aws_s3_bucket_public_access_block",
      "name": "this",
      "provider": "provider[\"registry.terraform.io/hashicorp/aws\"]",
      "instances": [
        {
          "index_key": 0,
          "schema_version": 0,
          "attributes": {
            "block_public_acls": false,
            "block_public_policy": false,
            "bucket": "cgk-s3-bucket-from-terraform",
            "id": "cgk-s3-bucket-from-terraform",
            "ignore_public_acls": false,
            "restrict_public_buckets": false
          },
          "sensitive_attributes": [],
          "private": "bnVsbA==",
          "dependencies": [
            "module.s3-bucket.aws_s3_bucket.this",
            "module.s3-bucket.aws_s3_bucket_policy.this"
          ]
        }
      ]
    }
  ],
  "check_results": null
}
