{
  "version": 4,
  "terraform_version": "1.3.9",
  "serial": 6,
  "lineage": "7d1d9e03-82dc-10e2-e4ca-a139102b47d2",
  "outputs": {
    "dynamodb-table-arn": {
      "value": "arn:aws:dynamodb:us-east-1:433240000570:table/my-table",
      "type": "string"
    },
    "dynamodb-table-id": {
      "value": "my-table",
      "type": "string"
    },
    "region": {
      "value": "us-east-1",
      "type": "string"
    }
  },
  "resources": [
    {
      "module": "module.dynamodb_table",
      "mode": "managed",
      "type": "aws_dynamodb_table",
      "name": "this",
      "provider": "provider[\"registry.terraform.io/hashicorp/aws\"]",
      "instances": [
        {
          "index_key": 0,
          "schema_version": 1,
          "attributes": {
            "arn": "arn:aws:dynamodb:us-east-1:433240000570:table/my-table",
            "attribute": [
              {
                "name": "id",
                "type": "N"
              },
              {
                "name": "name",
                "type": "S"
              }
            ],
            "billing_mode": "PAY_PER_REQUEST",
            "global_secondary_index": [],
            "hash_key": "id",
            "id": "my-table",
            "local_secondary_index": [],
            "name": "my-table",
            "point_in_time_recovery": [
              {
                "enabled": true
              }
            ],
            "range_key": "name",
            "read_capacity": 0,
            "replica": [],
            "restore_date_time": null,
            "restore_source_name": null,
            "restore_to_latest_time": null,
            "server_side_encryption": [],
            "stream_arn": "",
            "stream_enabled": false,
            "stream_label": "",
            "stream_view_type": "",
            "table_class": "",
            "tags": {
              "Environment": "staging",
              "Name": "my-table",
              "Terraform": "true"
            },
            "tags_all": {
              "Environment": "staging",
              "Name": "my-table",
              "Terraform": "true"
            },
            "timeouts": {
              "create": "10m",
              "delete": "10m",
              "update": "60m"
            },
            "ttl": [
              {
                "attribute_name": "",
                "enabled": false
              }
            ],
            "write_capacity": 0
          },
          "sensitive_attributes": [],
          "private": "eyJlMmJmYjczMC1lY2FhLTExZTYtOGY4OC0zNDM2M2JjN2M0YzAiOnsiY3JlYXRlIjo2MDAwMDAwMDAwMDAsImRlbGV0ZSI6NjAwMDAwMDAwMDAwLCJ1cGRhdGUiOjM2MDAwMDAwMDAwMDB9LCJzY2hlbWFfdmVyc2lvbiI6IjEifQ=="
        }
      ]
    }
  ],
  "check_results": null
}
